github.com/a-h/beeper v0.0.0-20190929170045-fc4b1a97b0b2 h1:QXbKN2ADvvIPBw0RA5TT61Uk50vHxXflk2bDtWKD3zI=
github.com/a-h/beeper v0.0.0-20190929170045-fc4b1a97b0b2/go.mod h1:DxLcR2/OjZbhGzSvGfrtm6Kfij2L+mYFnw3YuxGcee4=
github.com/a-h/character v0.0.0-20220122195338-8ee5345c146c h1:UOcvx56SKJnLEyapYuvPG10Qxf4qT/sXmwgmUlBmjho=
github.com/a-h/character v0.0.0-20220122195338-8ee5345c146c/go.mod h1:Y25xKpSAMIcUj3nyp5qcyNHmZDsgpknYbaKwzcY92DU=
github.com/a-h/debounce v0.0.0-20220122105303-6a004d998f92 h1:NyQtsJpB0n3aClno/DFMbyvWg0qYbbQ/u+h+4PdaUF8=
github.com/a-h/debounce v0.0.0-20220122105303-6a004d998f92/go.mod h1:qjZCz06ikb06Mm3dcpLAUWGUz1auEgfSQrjkUrdc9bc=
github.com/stianeikeland/go-rpio v4.2.0+incompatible h1:CUOlIxdJdT+H1obJPsmg8byu7jMSECLfAN9zynm5QGo=
github.com/stianeikeland/go-rpio v4.2.0+incompatible/go.mod h1:Sh81rdJwD96E2wja2Gd7rrKM+XZ9LrwvN2w4IXrqLR8=
github.com/stianeikeland/go-rpio/v4 v4.6.0 h1:eAJgtw3jTtvn/CqwbC82ntcS+dtzUTgo5qlZKe677EY=
github.com/stianeikeland/go-rpio/v4 v4.6.0/go.mod h1:A3GvHxC1Om5zaId+HqB3HKqx4K/AqeckxB7qRjxMK7o=
periph.io/x/periph v3.6.2+incompatible/go.mod h1:EWr+FCIU2dBWz5/wSWeiIUJTriYv9v2j2ENBmgYyy7Y=
periph.io/x/periph v3.6.8+incompatible h1:lki0ie6wHtvlilXhIkabdCUQMpb5QN4Fx33yNQdqnaA=
periph.io/x/periph v3.6.8+incompatible/go.mod h1:EWr+FCIU2dBWz5/wSWeiIUJTriYv9v2j2ENBmgYyy7Y=
